
Microsoft Visual Studio Solution File, Format Version 12.00
# Visual Studio Version 16
VisualStudioVersion = 16.0.810.25
MinimumVisualStudioVersion = 10.0.40219.1
Project("{FAE04EC0-301F-11D3-BF4B-00C04F79EFBC}") = "Day01", "Day01\Day01.csproj", "{DECB9017-8A62-479B-8A7D-48576DD0FAE6}"
EndProject
Project("{FAE04EC0-301F-11D3-BF4B-00C04F79EFBC}") = "Day02", "Day02\Day02.csproj", "{61359E39-4E5B-4DE1-9CB4-EB96BC1AAC6D}"
EndProject
Project("{FAE04EC0-301F-11D3-BF4B-00C04F79EFBC}") = "Day03", "Day03\Day03.csproj", "{1A2E2E9E-D48D-4BC4-A4FC-44E29333C52C}"
EndProject
Project("{FAE04EC0-301F-11D3-BF4B-00C04F79EFBC}") = "Day04", "Day04\Day04.csproj", "{BBDEDF7E-1F7F-41F7-B8F2-6146F3120A93}"
EndProject
Project("{FAE04EC0-301F-11D3-BF4B-00C04F79EFBC}") = "Day05", "Day05\Day05.csproj", "{9AB511D6-0A06-4973-A222-EEA3D8CF574B}"
EndProject
Project("{FAE04EC0-301F-11D3-BF4B-00C04F79EFBC}") = "Day06", "Day06\Day06.csproj", "{4B6FA506-70A1-420D-94ED-7851EFDDF175}"
EndProject
Project("{FAE04EC0-301F-11D3-BF4B-00C04F79EFBC}") = "Day07", "Day07\Day07.csproj", "{39AA8977-1E58-4C7D-A5FB-24B576627858}"
EndProject
Project("{FAE04EC0-301F-11D3-BF4B-00C04F79EFBC}") = "Day08", "Day08\Day08.csproj", "{CA60AFCA-B17D-420B-B71F-ECA4391EFD4C}"
EndProject
Project("{FAE04EC0-301F-11D3-BF4B-00C04F79EFBC}") = "Day09", "Day09\Day09.csproj", "{8998C195-9B07-44B4-9782-8CF2666BAF52}"
EndProject
Project("{FAE04EC0-301F-11D3-BF4B-00C04F79EFBC}") = "Day10", "Day10\Day10.csproj", "{B9DE5D99-79B5-421D-A014-0025BBFD29A9}"
EndProject
Project("{FAE04EC0-301F-11D3-BF4B-00C04F79EFBC}") = "Day11", "Day11\Day11.csproj", "{3199E011-9100-4D0D-B3A5-DD0DAB140AC8}"
EndProject
Project("{FAE04EC0-301F-11D3-BF4B-00C04F79EFBC}") = "Day12", "Day12\Day12.csproj", "{69BEF072-48FD-4607-8B4A-949519B6AA0B}"
EndProject
Global
	GlobalSection(SolutionConfigurationPlatforms) = preSolution
		Debug|Any CPU = Debug|Any CPU
		Release|Any CPU = Release|Any CPU
	EndGlobalSection
	GlobalSection(ProjectConfigurationPlatforms) = postSolution
		{DECB9017-8A62-479B-8A7D-48576DD0FAE6}.Debug|Any CPU.ActiveCfg = Debug|Any CPU
		{DECB9017-8A62-479B-8A7D-48576DD0FAE6}.Debug|Any CPU.Build.0 = Debug|Any CPU
		{DECB9017-8A62-479B-8A7D-48576DD0FAE6}.Release|Any CPU.ActiveCfg = Release|Any CPU
		{DECB9017-8A62-479B-8A7D-48576DD0FAE6}.Release|Any CPU.Build.0 = Release|Any CPU
		{61359E39-4E5B-4DE1-9CB4-EB96BC1AAC6D}.Debug|Any CPU.ActiveCfg = Debug|Any CPU
		{61359E39-4E5B-4DE1-9CB4-EB96BC1AAC6D}.Debug|Any CPU.Build.0 = Debug|Any CPU
		{61359E39-4E5B-4DE1-9CB4-EB96BC1AAC6D}.Release|Any CPU.ActiveCfg = Release|Any CPU
		{61359E39-4E5B-4DE1-9CB4-EB96BC1AAC6D}.Release|Any CPU.Build.0 = Release|Any CPU
		{1A2E2E9E-D48D-4BC4-A4FC-44E29333C52C}.Debug|Any CPU.ActiveCfg = Debug|Any CPU
		{1A2E2E9E-D48D-4BC4-A4FC-44E29333C52C}.Debug|Any CPU.Build.0 = Debug|Any CPU
		{1A2E2E9E-D48D-4BC4-A4FC-44E29333C52C}.Release|Any CPU.ActiveCfg = Release|Any CPU
		{1A2E2E9E-D48D-4BC4-A4FC-44E29333C52C}.Release|Any CPU.Build.0 = Release|Any CPU
		{BBDEDF7E-1F7F-41F7-B8F2-6146F3120A93}.Debug|Any CPU.ActiveCfg = Debug|Any CPU
		{BBDEDF7E-1F7F-41F7-B8F2-6146F3120A93}.Debug|Any CPU.Build.0 = Debug|Any CPU
		{BBDEDF7E-1F7F-41F7-B8F2-6146F3120A93}.Release|Any CPU.ActiveCfg = Release|Any CPU
		{BBDEDF7E-1F7F-41F7-B8F2-6146F3120A93}.Release|Any CPU.Build.0 = Release|Any CPU
		{9AB511D6-0A06-4973-A222-EEA3D8CF574B}.Debug|Any CPU.ActiveCfg = Debug|Any CPU
		{9AB511D6-0A06-4973-A222-EEA3D8CF574B}.Debug|Any CPU.Build.0 = Debug|Any CPU
		{9AB511D6-0A06-4973-A222-EEA3D8CF574B}.Release|Any CPU.ActiveCfg = Release|Any CPU
		{9AB511D6-0A06-4973-A222-EEA3D8CF574B}.Release|Any CPU.Build.0 = Release|Any CPU
		{4B6FA506-70A1-420D-94ED-7851EFDDF175}.Debug|Any CPU.ActiveCfg = Debug|Any CPU
		{4B6FA506-70A1-420D-94ED-7851EFDDF175}.Debug|Any CPU.Build.0 = Debug|Any CPU
		{4B6FA506-70A1-420D-94ED-7851EFDDF175}.Release|Any CPU.ActiveCfg = Release|Any CPU
		{4B6FA506-70A1-420D-94ED-7851EFDDF175}.Release|Any CPU.Build.0 = Release|Any CPU
		{39AA8977-1E58-4C7D-A5FB-24B576627858}.Debug|Any CPU.ActiveCfg = Debug|Any CPU
		{39AA8977-1E58-4C7D-A5FB-24B576627858}.Debug|Any CPU.Build.0 = Debug|Any CPU
		{39AA8977-1E58-4C7D-A5FB-24B576627858}.Release|Any CPU.ActiveCfg = Release|Any CPU
		{39AA8977-1E58-4C7D-A5FB-24B576627858}.Release|Any CPU.Build.0 = Release|Any CPU
		{CA60AFCA-B17D-420B-B71F-ECA4391EFD4C}.Debug|Any CPU.ActiveCfg = Debug|Any CPU
		{CA60AFCA-B17D-420B-B71F-ECA4391EFD4C}.Debug|Any CPU.Build.0 = Debug|Any CPU
		{CA60AFCA-B17D-420B-B71F-ECA4391EFD4C}.Release|Any CPU.ActiveCfg = Release|Any CPU
		{CA60AFCA-B17D-420B-B71F-ECA4391EFD4C}.Release|Any CPU.Build.0 = Release|Any CPU
		{8998C195-9B07-44B4-9782-8CF2666BAF52}.Debug|Any CPU.ActiveCfg = Debug|Any CPU
		{8998C195-9B07-44B4-9782-8CF2666BAF52}.Debug|Any CPU.Build.0 = Debug|Any CPU
		{8998C195-9B07-44B4-9782-8CF2666BAF52}.Release|Any CPU.ActiveCfg = Release|Any CPU
		{8998C195-9B07-44B4-9782-8CF2666BAF52}.Release|Any CPU.Build.0 = Release|Any CPU
		{B9DE5D99-79B5-421D-A014-0025BBFD29A9}.Debug|Any CPU.ActiveCfg = Debug|Any CPU
		{B9DE5D99-79B5-421D-A014-0025BBFD29A9}.Debug|Any CPU.Build.0 = Debug|Any CPU
		{B9DE5D99-79B5-421D-A014-0025BBFD29A9}.Release|Any CPU.ActiveCfg = Release|Any CPU
		{B9DE5D99-79B5-421D-A014-0025BBFD29A9}.Release|Any CPU.Build.0 = Release|Any CPU
		{3199E011-9100-4D0D-B3A5-DD0DAB140AC8}.Debug|Any CPU.ActiveCfg = Debug|Any CPU
		{3199E011-9100-4D0D-B3A5-DD0DAB140AC8}.Debug|Any CPU.Build.0 = Debug|Any CPU
		{3199E011-9100-4D0D-B3A5-DD0DAB140AC8}.Release|Any CPU.ActiveCfg = Release|Any CPU
		{3199E011-9100-4D0D-B3A5-DD0DAB140AC8}.Release|Any CPU.Build.0 = Release|Any CPU
		{69BEF072-48FD-4607-8B4A-949519B6AA0B}.Debug|Any CPU.ActiveCfg = Debug|Any CPU
		{69BEF072-48FD-4607-8B4A-949519B6AA0B}.Debug|Any CPU.Build.0 = Debug|Any CPU
		{69BEF072-48FD-4607-8B4A-949519B6AA0B}.Release|Any CPU.ActiveCfg = Release|Any CPU
		{69BEF072-48FD-4607-8B4A-949519B6AA0B}.Release|Any CPU.Build.0 = Release|Any CPU
	EndGlobalSection
	GlobalSection(SolutionProperties) = preSolution
		HideSolutionNode = FALSE
	EndGlobalSection
	GlobalSection(ExtensibilityGlobals) = postSolution
		SolutionGuid = {B88D13D2-A6DE-4708-BE49-B02B33714FA5}
	EndGlobalSection
EndGlobal
