
Microsoft Visual Studio Solution File, Format Version 12.00
# Visual Studio Version 16
VisualStudioVersion = 16.0.810.25
MinimumVisualStudioVersion = 10.0.40219.1
Project("{FAE04EC0-301F-11D3-BF4B-00C04F79EFBC}") = "Day01", "Day01\Day01.csproj", "{DECB9017-8A62-479B-8A7D-48576DD0FAE6}"
EndProject
Project("{FAE04EC0-301F-11D3-BF4B-00C04F79EFBC}") = "Day02", "Day02\Day02.csproj", "{61359E39-4E5B-4DE1-9CB4-EB96BC1AAC6D}"
EndProject
Project("{FAE04EC0-301F-11D3-BF4B-00C04F79EFBC}") = "Day03", "Day03\Day03.csproj", "{1A2E2E9E-D48D-4BC4-A4FC-44E29333C52C}"
EndProject
Project("{FAE04EC0-301F-11D3-BF4B-00C04F79EFBC}") = "Day04", "Day04\Day04.csproj", "{BBDEDF7E-1F7F-41F7-B8F2-6146F3120A93}"
EndProject
Project("{FAE04EC0-301F-11D3-BF4B-00C04F79EFBC}") = "Day05", "Day05\Day05.csproj", "{9AB511D6-0A06-4973-A222-EEA3D8CF574B}"
EndProject
Project("{FAE04EC0-301F-11D3-BF4B-00C04F79EFBC}") = "Day06", "Day06\Day06.csproj", "{4B6FA506-70A1-420D-94ED-7851EFDDF175}"
EndProject
Project("{FAE04EC0-301F-11D3-BF4B-00C04F79EFBC}") = "Day07", "Day07\Day07.csproj", "{39AA8977-1E58-4C7D-A5FB-24B576627858}"
EndProject
Project("{FAE04EC0-301F-11D3-BF4B-00C04F79EFBC}") = "Day08", "Day08\Day08.csproj", "{CA60AFCA-B17D-420B-B71F-ECA4391EFD4C}"
EndProject
Project("{FAE04EC0-301F-11D3-BF4B-00C04F79EFBC}") = "Day09", "Day09\Day09.csproj", "{8998C195-9B07-44B4-9782-8CF2666BAF52}"
EndProject
Project("{FAE04EC0-301F-11D3-BF4B-00C04F79EFBC}") = "Day10", "Day10\Day10.csproj", "{B9DE5D99-79B5-421D-A014-0025BBFD29A9}"
EndProject
Project("{FAE04EC0-301F-11D3-BF4B-00C04F79EFBC}") = "Day11", "Day11\Day11.csproj", "{3199E011-9100-4D0D-B3A5-DD0DAB140AC8}"
EndProject
Project("{FAE04EC0-301F-11D3-BF4B-00C04F79EFBC}") = "Day12", "Day12\Day12.csproj", "{69BEF072-48FD-4607-8B4A-949519B6AA0B}"
EndProject
Project("{FAE04EC0-301F-11D3-BF4B-00C04F79EFBC}") = "Day13", "Day13\Day13.csproj", "{AEEF4925-F6F4-4178-BB23-744EA75AB424}"
EndProject
Project("{FAE04EC0-301F-11D3-BF4B-00C04F79EFBC}") = "Day14", "Day14\Day14.csproj", "{437B6AA7-D998-47DD-9A8C-3313A8EFB839}"
EndProject
Project("{FAE04EC0-301F-11D3-BF4B-00C04F79EFBC}") = "Day15", "Day15\Day15.csproj", "{CA83563B-1C7C-4F97-98DC-2306535BCE4B}"
EndProject
Project("{FAE04EC0-301F-11D3-BF4B-00C04F79EFBC}") = "Day16", "Day16\Day16.csproj", "{D2288C1C-7D57-4427-B84A-03B550F1AD56}"
EndProject
Project("{FAE04EC0-301F-11D3-BF4B-00C04F79EFBC}") = "Day17", "Day17\Day17.csproj", "{4E8DF884-F6A6-44E9-A381-B32B9D054789}"
EndProject
Project("{FAE04EC0-301F-11D3-BF4B-00C04F79EFBC}") = "Day18", "Day18\Day18.csproj", "{4DF105BA-87CE-46E8-BDB3-0DE5B5AAB2A6}"
EndProject
Project("{FAE04EC0-301F-11D3-BF4B-00C04F79EFBC}") = "Day19", "Day19\Day19.csproj", "{16E774AC-C587-42A2-91EC-C7401C2E5A2B}"
EndProject
Project("{FAE04EC0-301F-11D3-BF4B-00C04F79EFBC}") = "Day20", "Day20\Day20.csproj", "{4C44EFAD-EB2D-4CF5-9BA3-C04B6F6A5CEC}"
EndProject
Project("{FAE04EC0-301F-11D3-BF4B-00C04F79EFBC}") = "Day21", "Day21\Day21.csproj", "{3F9AE266-BB5B-490B-BEC1-7419043FB5BD}"
EndProject
Project("{FAE04EC0-301F-11D3-BF4B-00C04F79EFBC}") = "Day22", "Day22\Day22.csproj", "{72C449D1-2FD9-4ABA-A9FB-EB4C3A6E18F5}"
EndProject
Project("{FAE04EC0-301F-11D3-BF4B-00C04F79EFBC}") = "Day23", "Day23\Day23.csproj", "{79AC8030-04BA-4201-B74D-F2C9E3E01F1A}"
EndProject
Global
	GlobalSection(SolutionConfigurationPlatforms) = preSolution
		Debug|Any CPU = Debug|Any CPU
		Release|Any CPU = Release|Any CPU
	EndGlobalSection
	GlobalSection(ProjectConfigurationPlatforms) = postSolution
		{DECB9017-8A62-479B-8A7D-48576DD0FAE6}.Debug|Any CPU.ActiveCfg = Debug|Any CPU
		{DECB9017-8A62-479B-8A7D-48576DD0FAE6}.Debug|Any CPU.Build.0 = Debug|Any CPU
		{DECB9017-8A62-479B-8A7D-48576DD0FAE6}.Release|Any CPU.ActiveCfg = Release|Any CPU
		{DECB9017-8A62-479B-8A7D-48576DD0FAE6}.Release|Any CPU.Build.0 = Release|Any CPU
		{61359E39-4E5B-4DE1-9CB4-EB96BC1AAC6D}.Debug|Any CPU.ActiveCfg = Debug|Any CPU
		{61359E39-4E5B-4DE1-9CB4-EB96BC1AAC6D}.Debug|Any CPU.Build.0 = Debug|Any CPU
		{61359E39-4E5B-4DE1-9CB4-EB96BC1AAC6D}.Release|Any CPU.ActiveCfg = Release|Any CPU
		{61359E39-4E5B-4DE1-9CB4-EB96BC1AAC6D}.Release|Any CPU.Build.0 = Release|Any CPU
		{1A2E2E9E-D48D-4BC4-A4FC-44E29333C52C}.Debug|Any CPU.ActiveCfg = Debug|Any CPU
		{1A2E2E9E-D48D-4BC4-A4FC-44E29333C52C}.Debug|Any CPU.Build.0 = Debug|Any CPU
		{1A2E2E9E-D48D-4BC4-A4FC-44E29333C52C}.Release|Any CPU.ActiveCfg = Release|Any CPU
		{1A2E2E9E-D48D-4BC4-A4FC-44E29333C52C}.Release|Any CPU.Build.0 = Release|Any CPU
		{BBDEDF7E-1F7F-41F7-B8F2-6146F3120A93}.Debug|Any CPU.ActiveCfg = Debug|Any CPU
		{BBDEDF7E-1F7F-41F7-B8F2-6146F3120A93}.Debug|Any CPU.Build.0 = Debug|Any CPU
		{BBDEDF7E-1F7F-41F7-B8F2-6146F3120A93}.Release|Any CPU.ActiveCfg = Release|Any CPU
		{BBDEDF7E-1F7F-41F7-B8F2-6146F3120A93}.Release|Any CPU.Build.0 = Release|Any CPU
		{9AB511D6-0A06-4973-A222-EEA3D8CF574B}.Debug|Any CPU.ActiveCfg = Debug|Any CPU
		{9AB511D6-0A06-4973-A222-EEA3D8CF574B}.Debug|Any CPU.Build.0 = Debug|Any CPU
		{9AB511D6-0A06-4973-A222-EEA3D8CF574B}.Release|Any CPU.ActiveCfg = Release|Any CPU
		{9AB511D6-0A06-4973-A222-EEA3D8CF574B}.Release|Any CPU.Build.0 = Release|Any CPU
		{4B6FA506-70A1-420D-94ED-7851EFDDF175}.Debug|Any CPU.ActiveCfg = Debug|Any CPU
		{4B6FA506-70A1-420D-94ED-7851EFDDF175}.Debug|Any CPU.Build.0 = Debug|Any CPU
		{4B6FA506-70A1-420D-94ED-7851EFDDF175}.Release|Any CPU.ActiveCfg = Release|Any CPU
		{4B6FA506-70A1-420D-94ED-7851EFDDF175}.Release|Any CPU.Build.0 = Release|Any CPU
		{39AA8977-1E58-4C7D-A5FB-24B576627858}.Debug|Any CPU.ActiveCfg = Debug|Any CPU
		{39AA8977-1E58-4C7D-A5FB-24B576627858}.Debug|Any CPU.Build.0 = Debug|Any CPU
		{39AA8977-1E58-4C7D-A5FB-24B576627858}.Release|Any CPU.ActiveCfg = Release|Any CPU
		{39AA8977-1E58-4C7D-A5FB-24B576627858}.Release|Any CPU.Build.0 = Release|Any CPU
		{CA60AFCA-B17D-420B-B71F-ECA4391EFD4C}.Debug|Any CPU.ActiveCfg = Debug|Any CPU
		{CA60AFCA-B17D-420B-B71F-ECA4391EFD4C}.Debug|Any CPU.Build.0 = Debug|Any CPU
		{CA60AFCA-B17D-420B-B71F-ECA4391EFD4C}.Release|Any CPU.ActiveCfg = Release|Any CPU
		{CA60AFCA-B17D-420B-B71F-ECA4391EFD4C}.Release|Any CPU.Build.0 = Release|Any CPU
		{8998C195-9B07-44B4-9782-8CF2666BAF52}.Debug|Any CPU.ActiveCfg = Debug|Any CPU
		{8998C195-9B07-44B4-9782-8CF2666BAF52}.Debug|Any CPU.Build.0 = Debug|Any CPU
		{8998C195-9B07-44B4-9782-8CF2666BAF52}.Release|Any CPU.ActiveCfg = Release|Any CPU
		{8998C195-9B07-44B4-9782-8CF2666BAF52}.Release|Any CPU.Build.0 = Release|Any CPU
		{B9DE5D99-79B5-421D-A014-0025BBFD29A9}.Debug|Any CPU.ActiveCfg = Debug|Any CPU
		{B9DE5D99-79B5-421D-A014-0025BBFD29A9}.Debug|Any CPU.Build.0 = Debug|Any CPU
		{B9DE5D99-79B5-421D-A014-0025BBFD29A9}.Release|Any CPU.ActiveCfg = Release|Any CPU
		{B9DE5D99-79B5-421D-A014-0025BBFD29A9}.Release|Any CPU.Build.0 = Release|Any CPU
		{3199E011-9100-4D0D-B3A5-DD0DAB140AC8}.Debug|Any CPU.ActiveCfg = Debug|Any CPU
		{3199E011-9100-4D0D-B3A5-DD0DAB140AC8}.Debug|Any CPU.Build.0 = Debug|Any CPU
		{3199E011-9100-4D0D-B3A5-DD0DAB140AC8}.Release|Any CPU.ActiveCfg = Release|Any CPU
		{3199E011-9100-4D0D-B3A5-DD0DAB140AC8}.Release|Any CPU.Build.0 = Release|Any CPU
		{69BEF072-48FD-4607-8B4A-949519B6AA0B}.Debug|Any CPU.ActiveCfg = Debug|Any CPU
		{69BEF072-48FD-4607-8B4A-949519B6AA0B}.Debug|Any CPU.Build.0 = Debug|Any CPU
		{69BEF072-48FD-4607-8B4A-949519B6AA0B}.Release|Any CPU.ActiveCfg = Release|Any CPU
		{69BEF072-48FD-4607-8B4A-949519B6AA0B}.Release|Any CPU.Build.0 = Release|Any CPU
		{AEEF4925-F6F4-4178-BB23-744EA75AB424}.Debug|Any CPU.ActiveCfg = Debug|Any CPU
		{AEEF4925-F6F4-4178-BB23-744EA75AB424}.Debug|Any CPU.Build.0 = Debug|Any CPU
		{AEEF4925-F6F4-4178-BB23-744EA75AB424}.Release|Any CPU.ActiveCfg = Release|Any CPU
		{AEEF4925-F6F4-4178-BB23-744EA75AB424}.Release|Any CPU.Build.0 = Release|Any CPU
		{437B6AA7-D998-47DD-9A8C-3313A8EFB839}.Debug|Any CPU.ActiveCfg = Debug|Any CPU
		{437B6AA7-D998-47DD-9A8C-3313A8EFB839}.Debug|Any CPU.Build.0 = Debug|Any CPU
		{437B6AA7-D998-47DD-9A8C-3313A8EFB839}.Release|Any CPU.ActiveCfg = Release|Any CPU
		{437B6AA7-D998-47DD-9A8C-3313A8EFB839}.Release|Any CPU.Build.0 = Release|Any CPU
		{CA83563B-1C7C-4F97-98DC-2306535BCE4B}.Debug|Any CPU.ActiveCfg = Debug|Any CPU
		{CA83563B-1C7C-4F97-98DC-2306535BCE4B}.Debug|Any CPU.Build.0 = Debug|Any CPU
		{CA83563B-1C7C-4F97-98DC-2306535BCE4B}.Release|Any CPU.ActiveCfg = Release|Any CPU
		{CA83563B-1C7C-4F97-98DC-2306535BCE4B}.Release|Any CPU.Build.0 = Release|Any CPU
		{D2288C1C-7D57-4427-B84A-03B550F1AD56}.Debug|Any CPU.ActiveCfg = Debug|Any CPU
		{D2288C1C-7D57-4427-B84A-03B550F1AD56}.Debug|Any CPU.Build.0 = Debug|Any CPU
		{D2288C1C-7D57-4427-B84A-03B550F1AD56}.Release|Any CPU.ActiveCfg = Release|Any CPU
		{D2288C1C-7D57-4427-B84A-03B550F1AD56}.Release|Any CPU.Build.0 = Release|Any CPU
		{4E8DF884-F6A6-44E9-A381-B32B9D054789}.Debug|Any CPU.ActiveCfg = Debug|Any CPU
		{4E8DF884-F6A6-44E9-A381-B32B9D054789}.Debug|Any CPU.Build.0 = Debug|Any CPU
		{4E8DF884-F6A6-44E9-A381-B32B9D054789}.Release|Any CPU.ActiveCfg = Release|Any CPU
		{4E8DF884-F6A6-44E9-A381-B32B9D054789}.Release|Any CPU.Build.0 = Release|Any CPU
		{4DF105BA-87CE-46E8-BDB3-0DE5B5AAB2A6}.Debug|Any CPU.ActiveCfg = Debug|Any CPU
		{4DF105BA-87CE-46E8-BDB3-0DE5B5AAB2A6}.Debug|Any CPU.Build.0 = Debug|Any CPU
		{4DF105BA-87CE-46E8-BDB3-0DE5B5AAB2A6}.Release|Any CPU.ActiveCfg = Release|Any CPU
		{4DF105BA-87CE-46E8-BDB3-0DE5B5AAB2A6}.Release|Any CPU.Build.0 = Release|Any CPU
		{16E774AC-C587-42A2-91EC-C7401C2E5A2B}.Debug|Any CPU.ActiveCfg = Debug|Any CPU
		{16E774AC-C587-42A2-91EC-C7401C2E5A2B}.Debug|Any CPU.Build.0 = Debug|Any CPU
		{16E774AC-C587-42A2-91EC-C7401C2E5A2B}.Release|Any CPU.ActiveCfg = Release|Any CPU
		{16E774AC-C587-42A2-91EC-C7401C2E5A2B}.Release|Any CPU.Build.0 = Release|Any CPU
		{4C44EFAD-EB2D-4CF5-9BA3-C04B6F6A5CEC}.Debug|Any CPU.ActiveCfg = Debug|Any CPU
		{4C44EFAD-EB2D-4CF5-9BA3-C04B6F6A5CEC}.Debug|Any CPU.Build.0 = Debug|Any CPU
		{4C44EFAD-EB2D-4CF5-9BA3-C04B6F6A5CEC}.Release|Any CPU.ActiveCfg = Release|Any CPU
		{4C44EFAD-EB2D-4CF5-9BA3-C04B6F6A5CEC}.Release|Any CPU.Build.0 = Release|Any CPU
		{3F9AE266-BB5B-490B-BEC1-7419043FB5BD}.Debug|Any CPU.ActiveCfg = Debug|Any CPU
		{3F9AE266-BB5B-490B-BEC1-7419043FB5BD}.Debug|Any CPU.Build.0 = Debug|Any CPU
		{3F9AE266-BB5B-490B-BEC1-7419043FB5BD}.Release|Any CPU.ActiveCfg = Release|Any CPU
		{3F9AE266-BB5B-490B-BEC1-7419043FB5BD}.Release|Any CPU.Build.0 = Release|Any CPU
		{72C449D1-2FD9-4ABA-A9FB-EB4C3A6E18F5}.Debug|Any CPU.ActiveCfg = Debug|Any CPU
		{72C449D1-2FD9-4ABA-A9FB-EB4C3A6E18F5}.Debug|Any CPU.Build.0 = Debug|Any CPU
		{72C449D1-2FD9-4ABA-A9FB-EB4C3A6E18F5}.Release|Any CPU.ActiveCfg = Release|Any CPU
		{72C449D1-2FD9-4ABA-A9FB-EB4C3A6E18F5}.Release|Any CPU.Build.0 = Release|Any CPU
		{79AC8030-04BA-4201-B74D-F2C9E3E01F1A}.Debug|Any CPU.ActiveCfg = Debug|Any CPU
		{79AC8030-04BA-4201-B74D-F2C9E3E01F1A}.Debug|Any CPU.Build.0 = Debug|Any CPU
		{79AC8030-04BA-4201-B74D-F2C9E3E01F1A}.Release|Any CPU.ActiveCfg = Release|Any CPU
		{79AC8030-04BA-4201-B74D-F2C9E3E01F1A}.Release|Any CPU.Build.0 = Release|Any CPU
	EndGlobalSection
	GlobalSection(SolutionProperties) = preSolution
		HideSolutionNode = FALSE
	EndGlobalSection
	GlobalSection(ExtensibilityGlobals) = postSolution
		SolutionGuid = {B88D13D2-A6DE-4708-BE49-B02B33714FA5}
	EndGlobalSection
EndGlobal
